
Microsoft Visual Studio Solution File, Format Version 12.00
# Visual Studio Version 17
VisualStudioVersion = 17.0.32112.339
MinimumVisualStudioVersion = 10.0.40219.1
Project("{FAE04EC0-301F-11D3-BF4B-00C04F79EFBC}") = "VisualLab1", "VisualLab1.csproj", "{752D5320-9CBD-4CC4-BE6D-990265277F1B}"
EndProject
Global
	GlobalSection(SolutionConfigurationPlatforms) = preSolution
		Debug|Any CPU = Debug|Any CPU
		Release|Any CPU = Release|Any CPU
	EndGlobalSection
	GlobalSection(ProjectConfigurationPlatforms) = postSolution
		{752D5320-9CBD-4CC4-BE6D-990265277F1B}.Debug|Any CPU.ActiveCfg = Debug|Any CPU
		{752D5320-9CBD-4CC4-BE6D-990265277F1B}.Debug|Any CPU.Build.0 = Debug|Any CPU
		{752D5320-9CBD-4CC4-BE6D-990265277F1B}.Release|Any CPU.ActiveCfg = Release|Any CPU
		{752D5320-9CBD-4CC4-BE6D-990265277F1B}.Release|Any CPU.Build.0 = Release|Any CPU
	EndGlobalSection
	GlobalSection(SolutionProperties) = preSolution
		HideSolutionNode = FALSE
	EndGlobalSection
	GlobalSection(ExtensibilityGlobals) = postSolution
		SolutionGuid = {7FE4CA1A-E56D-48B9-8188-0C2C93BDCC68}
	EndGlobalSection
EndGlobal
